
Microsoft Visual Studio Solution File, Format Version 12.00
# Visual Studio Version 17
VisualStudioVersion = 17.5.002.0
MinimumVisualStudioVersion = 10.0.40219.1
Project("{9A19103F-16F7-4668-BE54-9A1E7A4F7556}") = "slate", "slate.csproj", "{BDFCEF26-3D39-4123-ACAD-E9ECCDB6A110}"
EndProject
Global
	GlobalSection(SolutionConfigurationPlatforms) = preSolution
		Debug|Any CPU = Debug|Any CPU
		Release|Any CPU = Release|Any CPU
	EndGlobalSection
	GlobalSection(ProjectConfigurationPlatforms) = postSolution
		{BDFCEF26-3D39-4123-ACAD-E9ECCDB6A110}.Debug|Any CPU.ActiveCfg = Debug|Any CPU
		{BDFCEF26-3D39-4123-ACAD-E9ECCDB6A110}.Debug|Any CPU.Build.0 = Debug|Any CPU
		{BDFCEF26-3D39-4123-ACAD-E9ECCDB6A110}.Release|Any CPU.ActiveCfg = Release|Any CPU
		{BDFCEF26-3D39-4123-ACAD-E9ECCDB6A110}.Release|Any CPU.Build.0 = Release|Any CPU
	EndGlobalSection
	GlobalSection(SolutionProperties) = preSolution
		HideSolutionNode = FALSE
	EndGlobalSection
	GlobalSection(ExtensibilityGlobals) = postSolution
		SolutionGuid = {0E353EA5-A446-4349-AD0D-23B7E073955D}
	EndGlobalSection
EndGlobal
